
Microsoft Visual Studio Solution File, Format Version 12.00
# Visual Studio Version 17
VisualStudioVersion = 17.14.36518.9 d17.14
MinimumVisualStudioVersion = 10.0.40219.1
Project("{FAE04EC0-301F-11D3-BF4B-00C04F79EFBC}") = "oop-20251007-a-drivers-files-strings", "oop-20251007-a-drivers-files-strings\oop-20251007-a-drivers-files-strings.csproj", "{A3C75EAB-3DE0-4ECA-B827-20A753922EDA}"
EndProject
Global
	GlobalSection(SolutionConfigurationPlatforms) = preSolution
		Debug|Any CPU = Debug|Any CPU
		Release|Any CPU = Release|Any CPU
	EndGlobalSection
	GlobalSection(ProjectConfigurationPlatforms) = postSolution
		{A3C75EAB-3DE0-4ECA-B827-20A753922EDA}.Debug|Any CPU.ActiveCfg = Debug|Any CPU
		{A3C75EAB-3DE0-4ECA-B827-20A753922EDA}.Debug|Any CPU.Build.0 = Debug|Any CPU
		{A3C75EAB-3DE0-4ECA-B827-20A753922EDA}.Release|Any CPU.ActiveCfg = Release|Any CPU
		{A3C75EAB-3DE0-4ECA-B827-20A753922EDA}.Release|Any CPU.Build.0 = Release|Any CPU
	EndGlobalSection
	GlobalSection(SolutionProperties) = preSolution
		HideSolutionNode = FALSE
	EndGlobalSection
	GlobalSection(ExtensibilityGlobals) = postSolution
		SolutionGuid = {468C8247-A817-4991-8E52-738CBF2664B5}
	EndGlobalSection
EndGlobal
